
Microsoft Visual Studio Solution File, Format Version 12.00
# Visual Studio Version 16
VisualStudioVersion = 16.0.30011.22
MinimumVisualStudioVersion = 10.0.40219.1
Project("{FAE04EC0-301F-11D3-BF4B-00C04F79EFBC}") = "IP_class", "IP_class\IP_class.csproj", "{C26DA77E-EA5C-4F55-973B-0F59F227DB27}"
EndProject
Global
	GlobalSection(SolutionConfigurationPlatforms) = preSolution
		Debug|Any CPU = Debug|Any CPU
		Release|Any CPU = Release|Any CPU
	EndGlobalSection
	GlobalSection(ProjectConfigurationPlatforms) = postSolution
		{C26DA77E-EA5C-4F55-973B-0F59F227DB27}.Debug|Any CPU.ActiveCfg = Debug|Any CPU
		{C26DA77E-EA5C-4F55-973B-0F59F227DB27}.Debug|Any CPU.Build.0 = Debug|Any CPU
		{C26DA77E-EA5C-4F55-973B-0F59F227DB27}.Release|Any CPU.ActiveCfg = Release|Any CPU
		{C26DA77E-EA5C-4F55-973B-0F59F227DB27}.Release|Any CPU.Build.0 = Release|Any CPU
	EndGlobalSection
	GlobalSection(SolutionProperties) = preSolution
		HideSolutionNode = FALSE
	EndGlobalSection
	GlobalSection(ExtensibilityGlobals) = postSolution
		SolutionGuid = {B822FA38-42A0-4FD9-9B9B-4D1817985A7F}
	EndGlobalSection
EndGlobal
